
Microsoft Visual Studio Solution File, Format Version 12.00
# Visual Studio Version 17
VisualStudioVersion = 17.0.32014.148
MinimumVisualStudioVersion = 10.0.40219.1
Project("{FAE04EC0-301F-11D3-BF4B-00C04F79EFBC}") = "BitcoinPriceMonitor", "BitcoinPriceMonitor\BitcoinPriceMonitor.csproj", "{672B50F8-B2AD-4543-BECB-6836E9EFABD8}"
EndProject
Global
	GlobalSection(SolutionConfigurationPlatforms) = preSolution
		Debug|Any CPU = Debug|Any CPU
		Release|Any CPU = Release|Any CPU
	EndGlobalSection
	GlobalSection(ProjectConfigurationPlatforms) = postSolution
		{672B50F8-B2AD-4543-BECB-6836E9EFABD8}.Debug|Any CPU.ActiveCfg = Debug|Any CPU
		{672B50F8-B2AD-4543-BECB-6836E9EFABD8}.Debug|Any CPU.Build.0 = Debug|Any CPU
		{672B50F8-B2AD-4543-BECB-6836E9EFABD8}.Release|Any CPU.ActiveCfg = Release|Any CPU
		{672B50F8-B2AD-4543-BECB-6836E9EFABD8}.Release|Any CPU.Build.0 = Release|Any CPU
	EndGlobalSection
	GlobalSection(SolutionProperties) = preSolution
		HideSolutionNode = FALSE
	EndGlobalSection
	GlobalSection(ExtensibilityGlobals) = postSolution
		SolutionGuid = {76EF1564-29A6-40DB-8FB8-8D2ADF787372}
	EndGlobalSection
EndGlobal
