
Microsoft Visual Studio Solution File, Format Version 12.00
# Visual Studio Version 17
VisualStudioVersion = 17.0.32014.148
MinimumVisualStudioVersion = 10.0.40219.1
Project("{9A19103F-16F7-4668-BE54-9A1E7A4F7556}") = "BitcoinPriceMonitor", "BitcoinPriceMonitor\BitcoinPriceMonitor.csproj", "{672B50F8-B2AD-4543-BECB-6836E9EFABD8}"
EndProject
Project("{9A19103F-16F7-4668-BE54-9A1E7A4F7556}") = "BitCoinPriceMonitor.Infrastrucutre", "BitCoinPriceMonitor.Infrastrucutre\BitCoinPriceMonitor.Infrastrucutre.csproj", "{1695A4CF-24CE-4DB4-AE0A-2D0F934601C2}"
EndProject
Project("{9A19103F-16F7-4668-BE54-9A1E7A4F7556}") = "BitcoinPriceMonitor.Application", "BitcoinPriceMonitor.Application\BitcoinPriceMonitor.Application.csproj", "{80492709-934E-4209-9E22-F94EB6AAF0B8}"
EndProject
Project("{9A19103F-16F7-4668-BE54-9A1E7A4F7556}") = "BitcoinPriceMonitor.Domain", "BitcoinPriceMonitor.Domain\BitcoinPriceMonitor.Domain.csproj", "{2013F3AD-7007-407C-B48B-92889C8C1772}"
EndProject
Project("{2150E333-8FDC-42A3-9474-1A3956D46DE8}") = "Tests", "Tests", "{B474D1B2-5D52-4D86-BF36-3B9E644D4818}"
EndProject
Project("{9A19103F-16F7-4668-BE54-9A1E7A4F7556}") = "BitcoinPriceMonitor.Tests", "BitcoinPriceMonitor.Tests\BitcoinPriceMonitor.Tests.csproj", "{577AD4BA-0C82-47C2-8E35-4219F4B55EDF}"
EndProject
Project("{9A19103F-16F7-4668-BE54-9A1E7A4F7556}") = "TestsCommon", "TestsCommon\TestsCommon.csproj", "{8FCBC2FF-3D52-4875-A894-358491DAE452}"
EndProject
Project("{9A19103F-16F7-4668-BE54-9A1E7A4F7556}") = "BitCoinPriceMonitor.Infrastructure.Tests", "BitCoinPriceMonitor.Infrastructure.Tests\BitCoinPriceMonitor.Infrastructure.Tests.csproj", "{957D7CEB-1C05-4A68-932B-AD193B4E68BB}"
EndProject
Project("{FAE04EC0-301F-11D3-BF4B-00C04F79EFBC}") = "BitcoinPriceMonitor.Application.Tests", "BitcoinPriceMonitor.Application.Tests\BitcoinPriceMonitor.Application.Tests.csproj", "{EF1E8446-33B7-45BB-94D7-D00158BEC841}"
EndProject
Project("{FAE04EC0-301F-11D3-BF4B-00C04F79EFBC}") = "BitcoinPriceMonitor.Domain.Tests", "BitcoinPriceMonitor.Domain.Tests\BitcoinPriceMonitor.Domain.Tests.csproj", "{041A2379-D47B-4F2F-92B0-1E0E0C95DDE0}"
EndProject
Global
	GlobalSection(SolutionConfigurationPlatforms) = preSolution
		Debug|Any CPU = Debug|Any CPU
		Release|Any CPU = Release|Any CPU
	EndGlobalSection
	GlobalSection(ProjectConfigurationPlatforms) = postSolution
		{672B50F8-B2AD-4543-BECB-6836E9EFABD8}.Debug|Any CPU.ActiveCfg = Debug|Any CPU
		{672B50F8-B2AD-4543-BECB-6836E9EFABD8}.Debug|Any CPU.Build.0 = Debug|Any CPU
		{672B50F8-B2AD-4543-BECB-6836E9EFABD8}.Release|Any CPU.ActiveCfg = Release|Any CPU
		{672B50F8-B2AD-4543-BECB-6836E9EFABD8}.Release|Any CPU.Build.0 = Release|Any CPU
		{1695A4CF-24CE-4DB4-AE0A-2D0F934601C2}.Debug|Any CPU.ActiveCfg = Debug|Any CPU
		{1695A4CF-24CE-4DB4-AE0A-2D0F934601C2}.Debug|Any CPU.Build.0 = Debug|Any CPU
		{1695A4CF-24CE-4DB4-AE0A-2D0F934601C2}.Release|Any CPU.ActiveCfg = Release|Any CPU
		{1695A4CF-24CE-4DB4-AE0A-2D0F934601C2}.Release|Any CPU.Build.0 = Release|Any CPU
		{80492709-934E-4209-9E22-F94EB6AAF0B8}.Debug|Any CPU.ActiveCfg = Debug|Any CPU
		{80492709-934E-4209-9E22-F94EB6AAF0B8}.Debug|Any CPU.Build.0 = Debug|Any CPU
		{80492709-934E-4209-9E22-F94EB6AAF0B8}.Release|Any CPU.ActiveCfg = Release|Any CPU
		{80492709-934E-4209-9E22-F94EB6AAF0B8}.Release|Any CPU.Build.0 = Release|Any CPU
		{2013F3AD-7007-407C-B48B-92889C8C1772}.Debug|Any CPU.ActiveCfg = Debug|Any CPU
		{2013F3AD-7007-407C-B48B-92889C8C1772}.Debug|Any CPU.Build.0 = Debug|Any CPU
		{2013F3AD-7007-407C-B48B-92889C8C1772}.Release|Any CPU.ActiveCfg = Release|Any CPU
		{2013F3AD-7007-407C-B48B-92889C8C1772}.Release|Any CPU.Build.0 = Release|Any CPU
		{577AD4BA-0C82-47C2-8E35-4219F4B55EDF}.Debug|Any CPU.ActiveCfg = Debug|Any CPU
		{577AD4BA-0C82-47C2-8E35-4219F4B55EDF}.Debug|Any CPU.Build.0 = Debug|Any CPU
		{577AD4BA-0C82-47C2-8E35-4219F4B55EDF}.Release|Any CPU.ActiveCfg = Release|Any CPU
		{577AD4BA-0C82-47C2-8E35-4219F4B55EDF}.Release|Any CPU.Build.0 = Release|Any CPU
		{8FCBC2FF-3D52-4875-A894-358491DAE452}.Debug|Any CPU.ActiveCfg = Debug|Any CPU
		{8FCBC2FF-3D52-4875-A894-358491DAE452}.Debug|Any CPU.Build.0 = Debug|Any CPU
		{8FCBC2FF-3D52-4875-A894-358491DAE452}.Release|Any CPU.ActiveCfg = Release|Any CPU
		{8FCBC2FF-3D52-4875-A894-358491DAE452}.Release|Any CPU.Build.0 = Release|Any CPU
		{957D7CEB-1C05-4A68-932B-AD193B4E68BB}.Debug|Any CPU.ActiveCfg = Debug|Any CPU
		{957D7CEB-1C05-4A68-932B-AD193B4E68BB}.Debug|Any CPU.Build.0 = Debug|Any CPU
		{957D7CEB-1C05-4A68-932B-AD193B4E68BB}.Release|Any CPU.ActiveCfg = Release|Any CPU
		{957D7CEB-1C05-4A68-932B-AD193B4E68BB}.Release|Any CPU.Build.0 = Release|Any CPU
		{EF1E8446-33B7-45BB-94D7-D00158BEC841}.Debug|Any CPU.ActiveCfg = Debug|Any CPU
		{EF1E8446-33B7-45BB-94D7-D00158BEC841}.Debug|Any CPU.Build.0 = Debug|Any CPU
		{EF1E8446-33B7-45BB-94D7-D00158BEC841}.Release|Any CPU.ActiveCfg = Release|Any CPU
		{EF1E8446-33B7-45BB-94D7-D00158BEC841}.Release|Any CPU.Build.0 = Release|Any CPU
		{041A2379-D47B-4F2F-92B0-1E0E0C95DDE0}.Debug|Any CPU.ActiveCfg = Debug|Any CPU
		{041A2379-D47B-4F2F-92B0-1E0E0C95DDE0}.Debug|Any CPU.Build.0 = Debug|Any CPU
		{041A2379-D47B-4F2F-92B0-1E0E0C95DDE0}.Release|Any CPU.ActiveCfg = Release|Any CPU
		{041A2379-D47B-4F2F-92B0-1E0E0C95DDE0}.Release|Any CPU.Build.0 = Release|Any CPU
	EndGlobalSection
	GlobalSection(SolutionProperties) = preSolution
		HideSolutionNode = FALSE
	EndGlobalSection
	GlobalSection(NestedProjects) = preSolution
		{577AD4BA-0C82-47C2-8E35-4219F4B55EDF} = {B474D1B2-5D52-4D86-BF36-3B9E644D4818}
		{8FCBC2FF-3D52-4875-A894-358491DAE452} = {B474D1B2-5D52-4D86-BF36-3B9E644D4818}
		{957D7CEB-1C05-4A68-932B-AD193B4E68BB} = {B474D1B2-5D52-4D86-BF36-3B9E644D4818}
		{EF1E8446-33B7-45BB-94D7-D00158BEC841} = {B474D1B2-5D52-4D86-BF36-3B9E644D4818}
		{041A2379-D47B-4F2F-92B0-1E0E0C95DDE0} = {B474D1B2-5D52-4D86-BF36-3B9E644D4818}
	EndGlobalSection
	GlobalSection(ExtensibilityGlobals) = postSolution
		SolutionGuid = {76EF1564-29A6-40DB-8FB8-8D2ADF787372}
	EndGlobalSection
EndGlobal
